
Microsoft Visual Studio Solution File, Format Version 12.00
# Visual Studio 15
VisualStudioVersion = 15.0.28307.572
MinimumVisualStudioVersion = 10.0.40219.1
Project("{FAE04EC0-301F-11D3-BF4B-00C04F79EFBC}") = "pruebaMySuite", "pruebaMySuite\pruebaMySuite.csproj", "{40DAACEC-CF68-433A-9537-F5C153D5006B}"
EndProject
Global
	GlobalSection(SolutionConfigurationPlatforms) = preSolution
		Debug|Any CPU = Debug|Any CPU
		Release|Any CPU = Release|Any CPU
	EndGlobalSection
	GlobalSection(ProjectConfigurationPlatforms) = postSolution
		{40DAACEC-CF68-433A-9537-F5C153D5006B}.Debug|Any CPU.ActiveCfg = Debug|Any CPU
		{40DAACEC-CF68-433A-9537-F5C153D5006B}.Debug|Any CPU.Build.0 = Debug|Any CPU
		{40DAACEC-CF68-433A-9537-F5C153D5006B}.Release|Any CPU.ActiveCfg = Release|Any CPU
		{40DAACEC-CF68-433A-9537-F5C153D5006B}.Release|Any CPU.Build.0 = Release|Any CPU
	EndGlobalSection
	GlobalSection(SolutionProperties) = preSolution
		HideSolutionNode = FALSE
	EndGlobalSection
	GlobalSection(ExtensibilityGlobals) = postSolution
		SolutionGuid = {CCA5135B-8A59-4901-A7F4-35FDA2C9D79A}
	EndGlobalSection
EndGlobal
